// !$*UTF8*$!
{
	archiveVersion = 1;
	classes = {
	};
	objectVersion = 56;
	objects = {

/* Begin PBXBuildFile section */
		8B8834D32C5C39250068E03B /* IceCreamLocatorApp.swift in Sources */ = {isa = PBXBuildFile; fileRef = 8B8834D22C5C39250068E03B /* IceCreamLocatorApp.swift */; };
		8B8834D52C5C39250068E03B /* ContentView.swift in Sources */ = {isa = PBXBuildFile; fileRef = 8B8834D42C5C39250068E03B /* ContentView.swift */; };
		8B8834D72C5C39250068E03B /* Item.swift in Sources */ = {isa = PBXBuildFile; fileRef = 8B8834D62C5C39250068E03B /* Item.swift */; };
		8B8834D92C5C39260068E03B /* Assets.xcassets in Resources */ = {isa = PBXBuildFile; fileRef = 8B8834D82C5C39260068E03B /* Assets.xcassets */; };
		8B8834DD2C5C39260068E03B /* Preview Assets.xcassets in Resources */ = {isa = PBXBuildFile; fileRef = 8B8834DC2C5C39260068E03B /* Preview Assets.xcassets */; };
		8B8834E72C5C39260068E03B /* IceCreamLocatorTests.swift in Sources */ = {isa = PBXBuildFile; fileRef = 8B8834E62C5C39260068E03B /* IceCreamLocatorTests.swift */; };
		8B8834F12C5C39260068E03B /* IceCreamLocatorUITests.swift in Sources */ = {isa = PBXBuildFile; fileRef = 8B8834F02C5C39260068E03B /* IceCreamLocatorUITests.swift */; };
		8B8834F32C5C39260068E03B /* IceCreamLocatorUITestsLaunchTests.swift in Sources */ = {isa = PBXBuildFile; fileRef = 8B8834F22C5C39260068E03B /* IceCreamLocatorUITestsLaunchTests.swift */; };
		8B8835042C5C3A0F0068E03B /* StoreListView.swift in Sources */ = {isa = PBXBuildFile; fileRef = 8B8835032C5C3A0F0068E03B /* StoreListView.swift */; };
		8B8835062C5C3A190068E03B /* StoreDetailView.swift in Sources */ = {isa = PBXBuildFile; fileRef = 8B8835052C5C3A190068E03B /* StoreDetailView.swift */; };
/* End PBXBuildFile section */

/* Begin PBXContainerItemProxy section */
		8B8834E32C5C39260068E03B /* PBXContainerItemProxy */ = {
			isa = PBXContainerItemProxy;
			containerPortal = 8B8834C72C5C39250068E03B /* Project object */;
			proxyType = 1;
			remoteGlobalIDString = 8B8834CE2C5C39250068E03B;
			remoteInfo = IceCreamLocator;
		};
		8B8834ED2C5C39260068E03B /* PBXContainerItemProxy */ = {
			isa = PBXContainerItemProxy;
			containerPortal = 8B8834C72C5C39250068E03B /* Project object */;
			proxyType = 1;
			remoteGlobalIDString = 8B8834CE2C5C39250068E03B;
			remoteInfo = IceCreamLocator;
		};
/* End PBXContainerItemProxy section */

/* Begin PBXFileReference section */
		8B8834CF2C5C39250068E03B /* IceCreamLocator.app */ = {isa = PBXFileReference; explicitFileType = wrapper.application; includeInIndex = 0; path = IceCreamLocator.app; sourceTree = BUILT_PRODUCTS_DIR; };
		8B8834D22C5C39250068E03B /* IceCreamLocatorApp.swift */ = {isa = PBXFileReference; lastKnownFileType = sourcecode.swift; path = IceCreamLocatorApp.swift; sourceTree = "<group>"; };
		8B8834D42C5C39250068E03B /* ContentView.swift */ = {isa = PBXFileReference; lastKnownFileType = sourcecode.swift; path = ContentView.swift; sourceTree = "<group>"; };
		8B8834D62C5C39250068E03B /* Item.swift */ = {isa = PBXFileReference; lastKnownFileType = sourcecode.swift; path = Item.swift; sourceTree = "<group>"; };
		8B8834D82C5C39260068E03B /* Assets.xcassets */ = {isa = PBXFileReference; lastKnownFileType = folder.assetcatalog; path = Assets.xcassets; sourceTree = "<group>"; };
		8B8834DA2C5C39260068E03B /* IceCreamLocator.entitlements */ = {isa = PBXFileReference; lastKnownFileType = text.plist.entitlements; path = IceCreamLocator.entitlements; sourceTree = "<group>"; };
		8B8834DC2C5C39260068E03B /* Preview Assets.xcassets */ = {isa = PBXFileReference; lastKnownFileType = folder.assetcatalog; path = "Preview Assets.xcassets"; sourceTree = "<group>"; };
		8B8834E22C5C39260068E03B /* IceCreamLocatorTests.xctest */ = {isa = PBXFileReference; explicitFileType = wrapper.cfbundle; includeInIndex = 0; path = IceCreamLocatorTests.xctest; sourceTree = BUILT_PRODUCTS_DIR; };
		8B8834E62C5C39260068E03B /* IceCreamLocatorTests.swift */ = {isa = PBXFileReference; lastKnownFileType = sourcecode.swift; path = IceCreamLocatorTests.swift; sourceTree = "<group>"; };
		8B8834EC2C5C39260068E03B /* IceCreamLocatorUITests.xctest */ = {isa = PBXFileReference; explicitFileType = wrapper.cfbundle; includeInIndex = 0; path = IceCreamLocatorUITests.xctest; sourceTree = BUILT_PRODUCTS_DIR; };
		8B8834F02C5C39260068E03B /* IceCreamLocatorUITests.swift */ = {isa = PBXFileReference; lastKnownFileType = sourcecode.swift; path = IceCreamLocatorUITests.swift; sourceTree = "<group>"; };
		8B8834F22C5C39260068E03B /* IceCreamLocatorUITestsLaunchTests.swift */ = {isa = PBXFileReference; lastKnownFileType = sourcecode.swift; path = IceCreamLocatorUITestsLaunchTests.swift; sourceTree = "<group>"; };
		8B8835032C5C3A0F0068E03B /* StoreListView.swift */ = {isa = PBXFileReference; lastKnownFileType = sourcecode.swift; path = StoreListView.swift; sourceTree = "<group>"; };
		8B8835052C5C3A190068E03B /* StoreDetailView.swift */ = {isa = PBXFileReference; lastKnownFileType = sourcecode.swift; path = StoreDetailView.swift; sourceTree = "<group>"; };
/* End PBXFileReference section */

/* Begin PBXFrameworksBuildPhase section */
		8B8834CC2C5C39250068E03B /* Frameworks */ = {
			isa = PBXFrameworksBuildPhase;
			buildActionMask = 2147483647;
			files = (
			);
			runOnlyForDeploymentPostprocessing = 0;
		};
		8B8834DF2C5C39260068E03B /* Frameworks */ = {
			isa = PBXFrameworksBuildPhase;
			buildActionMask = 2147483647;
			files = (
			);
			runOnlyForDeploymentPostprocessing = 0;
		};
		8B8834E92C5C39260068E03B /* Frameworks */ = {
			isa = PBXFrameworksBuildPhase;
			buildActionMask = 2147483647;
			files = (
			);
			runOnlyForDeploymentPostprocessing = 0;
		};
/* End PBXFrameworksBuildPhase section */

/* Begin PBXGroup section */
		8B8834C62C5C39250068E03B = {
			isa = PBXGroup;
			children = (
				8B8834D12C5C39250068E03B /* IceCreamLocator */,
				8B8834E52C5C39260068E03B /* IceCreamLocatorTests */,
				8B8834EF2C5C39260068E03B /* IceCreamLocatorUITests */,
				8B8834D02C5C39250068E03B /* Products */,
			);
			sourceTree = "<group>";
		};
		8B8834D02C5C39250068E03B /* Products */ = {
			isa = PBXGroup;
			children = (
				8B8834CF2C5C39250068E03B /* IceCreamLocator.app */,
				8B8834E22C5C39260068E03B /* IceCreamLocatorTests.xctest */,
				8B8834EC2C5C39260068E03B /* IceCreamLocatorUITests.xctest */,
			);
			name = Products;
			sourceTree = "<group>";
		};
		8B8834D12C5C39250068E03B /* IceCreamLocator */ = {
			isa = PBXGroup;
			children = (
				8B8834D22C5C39250068E03B /* IceCreamLocatorApp.swift */,
				8B8834D42C5C39250068E03B /* ContentView.swift */,
				8B8835032C5C3A0F0068E03B /* StoreListView.swift */,
				8B8835052C5C3A190068E03B /* StoreDetailView.swift */,
				8B8834D62C5C39250068E03B /* Item.swift */,
				8B8834D82C5C39260068E03B /* Assets.xcassets */,
				8B8834DA2C5C39260068E03B /* IceCreamLocator.entitlements */,
				8B8834DB2C5C39260068E03B /* Preview Content */,
			);
			path = IceCreamLocator;
			sourceTree = "<group>";
		};
		8B8834DB2C5C39260068E03B /* Preview Content */ = {
			isa = PBXGroup;
			children = (
				8B8834DC2C5C39260068E03B /* Preview Assets.xcassets */,
			);
			path = "Preview Content";
			sourceTree = "<group>";
		};
		8B8834E52C5C39260068E03B /* IceCreamLocatorTests */ = {
			isa = PBXGroup;
			children = (
				8B8834E62C5C39260068E03B /* IceCreamLocatorTests.swift */,
			);
			path = IceCreamLocatorTests;
			sourceTree = "<group>";
		};
		8B8834EF2C5C39260068E03B /* IceCreamLocatorUITests */ = {
			isa = PBXGroup;
			children = (
				8B8834F02C5C39260068E03B /* IceCreamLocatorUITests.swift */,
				8B8834F22C5C39260068E03B /* IceCreamLocatorUITestsLaunchTests.swift */,
			);
			path = IceCreamLocatorUITests;
			sourceTree = "<group>";
		};
/* End PBXGroup section */

/* Begin PBXNativeTarget section */
		8B8834CE2C5C39250068E03B /* IceCreamLocator */ = {
			isa = PBXNativeTarget;
			buildConfigurationList = 8B8834F62C5C39260068E03B /* Build configuration list for PBXNativeTarget "IceCreamLocator" */;
			buildPhases = (
				8B8834CB2C5C39250068E03B /* Sources */,
				8B8834CC2C5C39250068E03B /* Frameworks */,
				8B8834CD2C5C39250068E03B /* Resources */,
			);
			buildRules = (
			);
			dependencies = (
			);
			name = IceCreamLocator;
			productName = IceCreamLocator;
			productReference = 8B8834CF2C5C39250068E03B /* IceCreamLocator.app */;
			productType = "com.apple.product-type.application";
		};
		8B8834E12C5C39260068E03B /* IceCreamLocatorTests */ = {
			isa = PBXNativeTarget;
			buildConfigurationList = 8B8834F92C5C39260068E03B /* Build configuration list for PBXNativeTarget "IceCreamLocatorTests" */;
			buildPhases = (
				8B8834DE2C5C39260068E03B /* Sources */,
				8B8834DF2C5C39260068E03B /* Frameworks */,
				8B8834E02C5C39260068E03B /* Resources */,
			);
			buildRules = (
			);
			dependencies = (
				8B8834E42C5C39260068E03B /* PBXTargetDependency */,
			);
			name = IceCreamLocatorTests;
			productName = IceCreamLocatorTests;
			productReference = 8B8834E22C5C39260068E03B /* IceCreamLocatorTests.xctest */;
			productType = "com.apple.product-type.bundle.unit-test";
		};
		8B8834EB2C5C39260068E03B /* IceCreamLocatorUITests */ = {
			isa = PBXNativeTarget;
			buildConfigurationList = 8B8834FC2C5C39260068E03B /* Build configuration list for PBXNativeTarget "IceCreamLocatorUITests" */;
			buildPhases = (
				8B8834E82C5C39260068E03B /* Sources */,
				8B8834E92C5C39260068E03B /* Frameworks */,
				8B8834EA2C5C39260068E03B /* Resources */,
			);
			buildRules = (
			);
			dependencies = (
				8B8834EE2C5C39260068E03B /* PBXTargetDependency */,
			);
			name = IceCreamLocatorUITests;
			productName = IceCreamLocatorUITests;
			productReference = 8B8834EC2C5C39260068E03B /* IceCreamLocatorUITests.xctest */;
			productType = "com.apple.product-type.bundle.ui-testing";
		};
/* End PBXNativeTarget section */

/* Begin PBXProject section */
		8B8834C72C5C39250068E03B /* Project object */ = {
			isa = PBXProject;
			attributes = {
				BuildIndependentTargetsInParallel = 1;
				LastSwiftUpdateCheck = 1540;
				LastUpgradeCheck = 1540;
				TargetAttributes = {
					8B8834CE2C5C39250068E03B = {
						CreatedOnToolsVersion = 15.4;
					};
					8B8834E12C5C39260068E03B = {
						CreatedOnToolsVersion = 15.4;
						TestTargetID = 8B8834CE2C5C39250068E03B;
					};
					8B8834EB2C5C39260068E03B = {
						CreatedOnToolsVersion = 15.4;
						TestTargetID = 8B8834CE2C5C39250068E03B;
					};
				};
			};
			buildConfigurationList = 8B8834CA2C5C39250068E03B /* Build configuration list for PBXProject "IceCreamLocator" */;
			compatibilityVersion = "Xcode 14.0";
			developmentRegion = en;
			hasScannedForEncodings = 0;
			knownRegions = (
				en,
				Base,
			);
			mainGroup = 8B8834C62C5C39250068E03B;
			productRefGroup = 8B8834D02C5C39250068E03B /* Products */;
			projectDirPath = "";
			projectRoot = "";
			targets = (
				8B8834CE2C5C39250068E03B /* IceCreamLocator */,
				8B8834E12C5C39260068E03B /* IceCreamLocatorTests */,
				8B8834EB2C5C39260068E03B /* IceCreamLocatorUITests */,
			);
		};
/* End PBXProject section */

/* Begin PBXResourcesBuildPhase section */
		8B8834CD2C5C39250068E03B /* Resources */ = {
			isa = PBXResourcesBuildPhase;
			buildActionMask = 2147483647;
			files = (
				8B8834DD2C5C39260068E03B /* Preview Assets.xcassets in Resources */,
				8B8834D92C5C39260068E03B /* Assets.xcassets in Resources */,
			);
			runOnlyForDeploymentPostprocessing = 0;
		};
		8B8834E02C5C39260068E03B /* Resources */ = {
			isa = PBXResourcesBuildPhase;
			buildActionMask = 2147483647;
			files = (
			);
			runOnlyForDeploymentPostprocessing = 0;
		};
		8B8834EA2C5C39260068E03B /* Resources */ = {
			isa = PBXResourcesBuildPhase;
			buildActionMask = 2147483647;
			files = (
			);
			runOnlyForDeploymentPostprocessing = 0;
		};
/* End PBXResourcesBuildPhase section */

/* Begin PBXSourcesBuildPhase section */
		8B8834CB2C5C39250068E03B /* Sources */ = {
			isa = PBXSourcesBuildPhase;
			buildActionMask = 2147483647;
			files = (
				8B8834D52C5C39250068E03B /* ContentView.swift in Sources */,
				8B8834D72C5C39250068E03B /* Item.swift in Sources */,
				8B8835042C5C3A0F0068E03B /* StoreListView.swift in Sources */,
				8B8835062C5C3A190068E03B /* StoreDetailView.swift in Sources */,
				8B8834D32C5C39250068E03B /* IceCreamLocatorApp.swift in Sources */,
			);
			runOnlyForDeploymentPostprocessing = 0;
		};
		8B8834DE2C5C39260068E03B /* Sources */ = {
			isa = PBXSourcesBuildPhase;
			buildActionMask = 2147483647;
			files = (
				8B8834E72C5C39260068E03B /* IceCreamLocatorTests.swift in Sources */,
			);
			runOnlyForDeploymentPostprocessing = 0;
		};
		8B8834E82C5C39260068E03B /* Sources */ = {
			isa = PBXSourcesBuildPhase;
			buildActionMask = 2147483647;
			files = (
				8B8834F32C5C39260068E03B /* IceCreamLocatorUITestsLaunchTests.swift in Sources */,
				8B8834F12C5C39260068E03B /* IceCreamLocatorUITests.swift in Sources */,
			);
			runOnlyForDeploymentPostprocessing = 0;
		};
/* End PBXSourcesBuildPhase section */

/* Begin PBXTargetDependency section */
		8B8834E42C5C39260068E03B /* PBXTargetDependency */ = {
			isa = PBXTargetDependency;
			target = 8B8834CE2C5C39250068E03B /* IceCreamLocator */;
			targetProxy = 8B8834E32C5C39260068E03B /* PBXContainerItemProxy */;
		};
		8B8834EE2C5C39260068E03B /* PBXTargetDependency */ = {
			isa = PBXTargetDependency;
			target = 8B8834CE2C5C39250068E03B /* IceCreamLocator */;
			targetProxy = 8B8834ED2C5C39260068E03B /* PBXContainerItemProxy */;
		};
/* End PBXTargetDependency section */

/* Begin XCBuildConfiguration section */
		8B8834F42C5C39260068E03B /* Debug */ = {
			isa = XCBuildConfiguration;
			buildSettings = {
				ALWAYS_SEARCH_USER_PATHS = NO;
				ASSETCATALOG_COMPILER_GENERATE_SWIFT_ASSET_SYMBOL_EXTENSIONS = YES;
				CLANG_ANALYZER_NONNULL = YES;
				CLANG_ANALYZER_NUMBER_OBJECT_CONVERSION = YES_AGGRESSIVE;
				CLANG_CXX_LANGUAGE_STANDARD = "gnu++20";
				CLANG_ENABLE_MODULES = YES;
				CLANG_ENABLE_OBJC_ARC = YES;
				CLANG_ENABLE_OBJC_WEAK = YES;
				CLANG_WARN_BLOCK_CAPTURE_AUTORELEASING = YES;
				CLANG_WARN_BOOL_CONVERSION = YES;
				CLANG_WARN_COMMA = YES;
				CLANG_WARN_CONSTANT_CONVERSION = YES;
				CLANG_WARN_DEPRECATED_OBJC_IMPLEMENTATIONS = YES;
				CLANG_WARN_DIRECT_OBJC_ISA_USAGE = YES_ERROR;
				CLANG_WARN_DOCUMENTATION_COMMENTS = YES;
				CLANG_WARN_EMPTY_BODY = YES;
				CLANG_WARN_ENUM_CONVERSION = YES;
				CLANG_WARN_INFINITE_RECURSION = YES;
				CLANG_WARN_INT_CONVERSION = YES;
				CLANG_WARN_NON_LITERAL_NULL_CONVERSION = YES;
				CLANG_WARN_OBJC_IMPLICIT_RETAIN_SELF = YES;
				CLANG_WARN_OBJC_LITERAL_CONVERSION = YES;
				CLANG_WARN_OBJC_ROOT_CLASS = YES_ERROR;
				CLANG_WARN_QUOTED_INCLUDE_IN_FRAMEWORK_HEADER = YES;
				CLANG_WARN_RANGE_LOOP_ANALYSIS = YES;
				CLANG_WARN_STRICT_PROTOTYPES = YES;
				CLANG_WARN_SUSPICIOUS_MOVE = YES;
				CLANG_WARN_UNGUARDED_AVAILABILITY = YES_AGGRESSIVE;
				CLANG_WARN_UNREACHABLE_CODE = YES;
				CLANG_WARN__DUPLICATE_METHOD_MATCH = YES;
				COPY_PHASE_STRIP = NO;
				DEBUG_INFORMATION_FORMAT = dwarf;
				ENABLE_STRICT_OBJC_MSGSEND = YES;
				ENABLE_TESTABILITY = YES;
				ENABLE_USER_SCRIPT_SANDBOXING = YES;
				GCC_C_LANGUAGE_STANDARD = gnu17;
				GCC_DYNAMIC_NO_PIC = NO;
				GCC_NO_COMMON_BLOCKS = YES;
				GCC_OPTIMIZATION_LEVEL = 0;
				GCC_PREPROCESSOR_DEFINITIONS = (
					"DEBUG=1",
					"$(inherited)",
				);
				GCC_WARN_64_TO_32_BIT_CONVERSION = YES;
				GCC_WARN_ABOUT_RETURN_TYPE = YES_ERROR;
				GCC_WARN_UNDECLARED_SELECTOR = YES;
				GCC_WARN_UNINITIALIZED_AUTOS = YES_AGGRESSIVE;
				GCC_WARN_UNUSED_FUNCTION = YES;
				GCC_WARN_UNUSED_VARIABLE = YES;
				LOCALIZATION_PREFERS_STRING_CATALOGS = YES;
				MTL_ENABLE_DEBUG_INFO = INCLUDE_SOURCE;
				MTL_FAST_MATH = YES;
				ONLY_ACTIVE_ARCH = YES;
				SWIFT_ACTIVE_COMPILATION_CONDITIONS = "DEBUG $(inherited)";
				SWIFT_OPTIMIZATION_LEVEL = "-Onone";
			};
			name = Debug;
		};
		8B8834F52C5C39260068E03B /* Release */ = {
			isa = XCBuildConfiguration;
			buildSettings = {
				ALWAYS_SEARCH_USER_PATHS = NO;
				ASSETCATALOG_COMPILER_GENERATE_SWIFT_ASSET_SYMBOL_EXTENSIONS = YES;
				CLANG_ANALYZER_NONNULL = YES;
				CLANG_ANALYZER_NUMBER_OBJECT_CONVERSION = YES_AGGRESSIVE;
				CLANG_CXX_LANGUAGE_STANDARD = "gnu++20";
				CLANG_ENABLE_MODULES = YES;
				CLANG_ENABLE_OBJC_ARC = YES;
				CLANG_ENABLE_OBJC_WEAK = YES;
				CLANG_WARN_BLOCK_CAPTURE_AUTORELEASING = YES;
				CLANG_WARN_BOOL_CONVERSION = YES;
				CLANG_WARN_COMMA = YES;
				CLANG_WARN_CONSTANT_CONVERSION = YES;
				CLANG_WARN_DEPRECATED_OBJC_IMPLEMENTATIONS = YES;
				CLANG_WARN_DIRECT_OBJC_ISA_USAGE = YES_ERROR;
				CLANG_WARN_DOCUMENTATION_COMMENTS = YES;
				CLANG_WARN_EMPTY_BODY = YES;
				CLANG_WARN_ENUM_CONVERSION = YES;
				CLANG_WARN_INFINITE_RECURSION = YES;
				CLANG_WARN_INT_CONVERSION = YES;
				CLANG_WARN_NON_LITERAL_NULL_CONVERSION = YES;
				CLANG_WARN_OBJC_IMPLICIT_RETAIN_SELF = YES;
				CLANG_WARN_OBJC_LITERAL_CONVERSION = YES;
				CLANG_WARN_OBJC_ROOT_CLASS = YES_ERROR;
				CLANG_WARN_QUOTED_INCLUDE_IN_FRAMEWORK_HEADER = YES;
				CLANG_WARN_RANGE_LOOP_ANALYSIS = YES;
				CLANG_WARN_STRICT_PROTOTYPES = YES;
				CLANG_WARN_SUSPICIOUS_MOVE = YES;
				CLANG_WARN_UNGUARDED_AVAILABILITY = YES_AGGRESSIVE;
				CLANG_WARN_UNREACHABLE_CODE = YES;
				CLANG_WARN__DUPLICATE_METHOD_MATCH = YES;
				COPY_PHASE_STRIP = NO;
				DEBUG_INFORMATION_FORMAT = "dwarf-with-dsym";
				ENABLE_NS_ASSERTIONS = NO;
				ENABLE_STRICT_OBJC_MSGSEND = YES;
				ENABLE_USER_SCRIPT_SANDBOXING = YES;
				GCC_C_LANGUAGE_STANDARD = gnu17;
				GCC_NO_COMMON_BLOCKS = YES;
				GCC_WARN_64_TO_32_BIT_CONVERSION = YES;
				GCC_WARN_ABOUT_RETURN_TYPE = YES_ERROR;
				GCC_WARN_UNDECLARED_SELECTOR = YES;
				GCC_WARN_UNINITIALIZED_AUTOS = YES_AGGRESSIVE;
				GCC_WARN_UNUSED_FUNCTION = YES;
				GCC_WARN_UNUSED_VARIABLE = YES;
				LOCALIZATION_PREFERS_STRING_CATALOGS = YES;
				MTL_ENABLE_DEBUG_INFO = NO;
				MTL_FAST_MATH = YES;
				SWIFT_COMPILATION_MODE = wholemodule;
			};
			name = Release;
		};
		8B8834F72C5C39260068E03B /* Debug */ = {
			isa = XCBuildConfiguration;
			buildSettings = {
				ASSETCATALOG_COMPILER_APPICON_NAME = AppIcon;
				ASSETCATALOG_COMPILER_GLOBAL_ACCENT_COLOR_NAME = AccentColor;
				CODE_SIGN_ENTITLEMENTS = IceCreamLocator/IceCreamLocator.entitlements;
				CODE_SIGN_STYLE = Automatic;
				CURRENT_PROJECT_VERSION = 1;
				DEVELOPMENT_ASSET_PATHS = "\"IceCreamLocator/Preview Content\"";
				DEVELOPMENT_TEAM = HDT29XX2Q2;
				ENABLE_HARDENED_RUNTIME = YES;
				ENABLE_PREVIEWS = YES;
				GENERATE_INFOPLIST_FILE = YES;
				"INFOPLIST_KEY_UIApplicationSceneManifest_Generation[sdk=iphoneos*]" = YES;
				"INFOPLIST_KEY_UIApplicationSceneManifest_Generation[sdk=iphonesimulator*]" = YES;
				"INFOPLIST_KEY_UIApplicationSupportsIndirectInputEvents[sdk=iphoneos*]" = YES;
				"INFOPLIST_KEY_UIApplicationSupportsIndirectInputEvents[sdk=iphonesimulator*]" = YES;
				"INFOPLIST_KEY_UILaunchScreen_Generation[sdk=iphoneos*]" = YES;
				"INFOPLIST_KEY_UILaunchScreen_Generation[sdk=iphonesimulator*]" = YES;
				"INFOPLIST_KEY_UIStatusBarStyle[sdk=iphoneos*]" = UIStatusBarStyleDefault;
				"INFOPLIST_KEY_UIStatusBarStyle[sdk=iphonesimulator*]" = UIStatusBarStyleDefault;
				INFOPLIST_KEY_UISupportedInterfaceOrientations_iPad = "UIInterfaceOrientationPortrait UIInterfaceOrientationPortraitUpsideDown UIInterfaceOrientationLandscapeLeft UIInterfaceOrientationLandscapeRight";
				INFOPLIST_KEY_UISupportedInterfaceOrientations_iPhone = "UIInterfaceOrientationPortrait UIInterfaceOrientationLandscapeLeft UIInterfaceOrientationLandscapeRight";
				IPHONEOS_DEPLOYMENT_TARGET = 17.5;
				LD_RUNPATH_SEARCH_PATHS = "@executable_path/Frameworks";
				"LD_RUNPATH_SEARCH_PATHS[sdk=macosx*]" = "@executable_path/../Frameworks";
				MACOSX_DEPLOYMENT_TARGET = 14.0;
				MARKETING_VERSION = 1.0;
				PRODUCT_BUNDLE_IDENTIFIER = CJProtoType.IceCreamLocator;
				PRODUCT_NAME = "$(TARGET_NAME)";
				SDKROOT = auto;
				SUPPORTED_PLATFORMS = "iphoneos iphonesimulator macosx";
				SWIFT_EMIT_LOC_STRINGS = YES;
				SWIFT_VERSION = 5.0;
				TARGETED_DEVICE_FAMILY = "1,2";
			};
			name = Debug;
		};
		8B8834F82C5C39260068E03B /* Release */ = {
			isa = XCBuildConfiguration;
			buildSettings = {
				ASSETCATALOG_COMPILER_APPICON_NAME = AppIcon;
				ASSETCATALOG_COMPILER_GLOBAL_ACCENT_COLOR_NAME = AccentColor;
				CODE_SIGN_ENTITLEMENTS = IceCreamLocator/IceCreamLocator.entitlements;
				CODE_SIGN_STYLE = Automatic;
				CURRENT_PROJECT_VERSION = 1;
				DEVELOPMENT_ASSET_PATHS = "\"IceCreamLocator/Preview Content\"";
				DEVELOPMENT_TEAM = HDT29XX2Q2;
				ENABLE_HARDENED_RUNTIME = YES;
				ENABLE_PREVIEWS = YES;
				GENERATE_INFOPLIST_FILE = YES;
				"INFOPLIST_KEY_UIApplicationSceneManifest_Generation[sdk=iphoneos*]" = YES;
				"INFOPLIST_KEY_UIApplicationSceneManifest_Generation[sdk=iphonesimulator*]" = YES;
				"INFOPLIST_KEY_UIApplicationSupportsIndirectInputEvents[sdk=iphoneos*]" = YES;
				"INFOPLIST_KEY_UIApplicationSupportsIndirectInputEvents[sdk=iphonesimulator*]" = YES;
				"INFOPLIST_KEY_UILaunchScreen_Generation[sdk=iphoneos*]" = YES;
				"INFOPLIST_KEY_UILaunchScreen_Generation[sdk=iphonesimulator*]" = YES;
				"INFOPLIST_KEY_UIStatusBarStyle[sdk=iphoneos*]" = UIStatusBarStyleDefault;
				"INFOPLIST_KEY_UIStatusBarStyle[sdk=iphonesimulator*]" = UIStatusBarStyleDefault;
				INFOPLIST_KEY_UISupportedInterfaceOrientations_iPad = "UIInterfaceOrientationPortrait UIInterfaceOrientationPortraitUpsideDown UIInterfaceOrientationLandscapeLeft UIInterfaceOrientationLandscapeRight";
				INFOPLIST_KEY_UISupportedInterfaceOrientations_iPhone = "UIInterfaceOrientationPortrait UIInterfaceOrientationLandscapeLeft UIInterfaceOrientationLandscapeRight";
				IPHONEOS_DEPLOYMENT_TARGET = 17.5;
				LD_RUNPATH_SEARCH_PATHS = "@executable_path/Frameworks";
				"LD_RUNPATH_SEARCH_PATHS[sdk=macosx*]" = "@executable_path/../Frameworks";
				MACOSX_DEPLOYMENT_TARGET = 14.0;
				MARKETING_VERSION = 1.0;
				PRODUCT_BUNDLE_IDENTIFIER = CJProtoType.IceCreamLocator;
				PRODUCT_NAME = "$(TARGET_NAME)";
				SDKROOT = auto;
				SUPPORTED_PLATFORMS = "iphoneos iphonesimulator macosx";
				SWIFT_EMIT_LOC_STRINGS = YES;
				SWIFT_VERSION = 5.0;
				TARGETED_DEVICE_FAMILY = "1,2";
			};
			name = Release;
		};
		8B8834FA2C5C39260068E03B /* Debug */ = {
			isa = XCBuildConfiguration;
			buildSettings = {
				ALWAYS_EMBED_SWIFT_STANDARD_LIBRARIES = YES;
				BUNDLE_LOADER = "$(TEST_HOST)";
				CODE_SIGN_STYLE = Automatic;
				CURRENT_PROJECT_VERSION = 1;
				DEVELOPMENT_TEAM = HDT29XX2Q2;
				GENERATE_INFOPLIST_FILE = YES;
				IPHONEOS_DEPLOYMENT_TARGET = 17.5;
				MACOSX_DEPLOYMENT_TARGET = 14.5;
				MARKETING_VERSION = 1.0;
				PRODUCT_BUNDLE_IDENTIFIER = CJProtoType.IceCreamLocatorTests;
				PRODUCT_NAME = "$(TARGET_NAME)";
				SDKROOT = auto;
				SUPPORTED_PLATFORMS = "iphoneos iphonesimulator macosx";
				SWIFT_EMIT_LOC_STRINGS = NO;
				SWIFT_VERSION = 5.0;
				TARGETED_DEVICE_FAMILY = "1,2";
				TEST_HOST = "$(BUILT_PRODUCTS_DIR)/IceCreamLocator.app/$(BUNDLE_EXECUTABLE_FOLDER_PATH)/IceCreamLocator";
			};
			name = Debug;
		};
		8B8834FB2C5C39260068E03B /* Release */ = {
			isa = XCBuildConfiguration;
			buildSettings = {
				ALWAYS_EMBED_SWIFT_STANDARD_LIBRARIES = YES;
				BUNDLE_LOADER = "$(TEST_HOST)";
				CODE_SIGN_STYLE = Automatic;
				CURRENT_PROJECT_VERSION = 1;
				DEVELOPMENT_TEAM = HDT29XX2Q2;
				GENERATE_INFOPLIST_FILE = YES;
				IPHONEOS_DEPLOYMENT_TARGET = 17.5;
				MACOSX_DEPLOYMENT_TARGET = 14.5;
				MARKETING_VERSION = 1.0;
				PRODUCT_BUNDLE_IDENTIFIER = CJProtoType.IceCreamLocatorTests;
				PRODUCT_NAME = "$(TARGET_NAME)";
				SDKROOT = auto;
				SUPPORTED_PLATFORMS = "iphoneos iphonesimulator macosx";
				SWIFT_EMIT_LOC_STRINGS = NO;
				SWIFT_VERSION = 5.0;
				TARGETED_DEVICE_FAMILY = "1,2";
				TEST_HOST = "$(BUILT_PRODUCTS_DIR)/IceCreamLocator.app/$(BUNDLE_EXECUTABLE_FOLDER_PATH)/IceCreamLocator";
			};
			name = Release;
		};
		8B8834FD2C5C39260068E03B /* Debug */ = {
			isa = XCBuildConfiguration;
			buildSettings = {
				ALWAYS_EMBED_SWIFT_STANDARD_LIBRARIES = YES;
				CODE_SIGN_STYLE = Automatic;
				CURRENT_PROJECT_VERSION = 1;
				DEVELOPMENT_TEAM = HDT29XX2Q2;
				GENERATE_INFOPLIST_FILE = YES;
				IPHONEOS_DEPLOYMENT_TARGET = 17.5;
				MACOSX_DEPLOYMENT_TARGET = 14.5;
				MARKETING_VERSION = 1.0;
				PRODUCT_BUNDLE_IDENTIFIER = CJProtoType.IceCreamLocatorUITests;
				PRODUCT_NAME = "$(TARGET_NAME)";
				SDKROOT = auto;
				SUPPORTED_PLATFORMS = "iphoneos iphonesimulator macosx";
				SWIFT_EMIT_LOC_STRINGS = NO;
				SWIFT_VERSION = 5.0;
				TARGETED_DEVICE_FAMILY = "1,2";
				TEST_TARGET_NAME = IceCreamLocator;
			};
			name = Debug;
		};
		8B8834FE2C5C39260068E03B /* Release */ = {
			isa = XCBuildConfiguration;
			buildSettings = {
				ALWAYS_EMBED_SWIFT_STANDARD_LIBRARIES = YES;
				CODE_SIGN_STYLE = Automatic;
				CURRENT_PROJECT_VERSION = 1;
				DEVELOPMENT_TEAM = HDT29XX2Q2;
				GENERATE_INFOPLIST_FILE = YES;
				IPHONEOS_DEPLOYMENT_TARGET = 17.5;
				MACOSX_DEPLOYMENT_TARGET = 14.5;
				MARKETING_VERSION = 1.0;
				PRODUCT_BUNDLE_IDENTIFIER = CJProtoType.IceCreamLocatorUITests;
				PRODUCT_NAME = "$(TARGET_NAME)";
				SDKROOT = auto;
				SUPPORTED_PLATFORMS = "iphoneos iphonesimulator macosx";
				SWIFT_EMIT_LOC_STRINGS = NO;
				SWIFT_VERSION = 5.0;
				TARGETED_DEVICE_FAMILY = "1,2";
				TEST_TARGET_NAME = IceCreamLocator;
			};
			name = Release;
		};
/* End XCBuildConfiguration section */

/* Begin XCConfigurationList section */
		8B8834CA2C5C39250068E03B /* Build configuration list for PBXProject "IceCreamLocator" */ = {
			isa = XCConfigurationList;
			buildConfigurations = (
				8B8834F42C5C39260068E03B /* Debug */,
				8B8834F52C5C39260068E03B /* Release */,
			);
			defaultConfigurationIsVisible = 0;
			defaultConfigurationName = Release;
		};
		8B8834F62C5C39260068E03B /* Build configuration list for PBXNativeTarget "IceCreamLocator" */ = {
			isa = XCConfigurationList;
			buildConfigurations = (
				8B8834F72C5C39260068E03B /* Debug */,
				8B8834F82C5C39260068E03B /* Release */,
			);
			defaultConfigurationIsVisible = 0;
			defaultConfigurationName = Release;
		};
		8B8834F92C5C39260068E03B /* Build configuration list for PBXNativeTarget "IceCreamLocatorTests" */ = {
			isa = XCConfigurationList;
			buildConfigurations = (
				8B8834FA2C5C39260068E03B /* Debug */,
				8B8834FB2C5C39260068E03B /* Release */,
			);
			defaultConfigurationIsVisible = 0;
			defaultConfigurationName = Release;
		};
		8B8834FC2C5C39260068E03B /* Build configuration list for PBXNativeTarget "IceCreamLocatorUITests" */ = {
			isa = XCConfigurationList;
			buildConfigurations = (
				8B8834FD2C5C39260068E03B /* Debug */,
				8B8834FE2C5C39260068E03B /* Release */,
			);
			defaultConfigurationIsVisible = 0;
			defaultConfigurationName = Release;
		};
/* End XCConfigurationList section */
	};
	rootObject = 8B8834C72C5C39250068E03B /* Project object */;
}
